// !$*UTF8*$!
{
	archiveVersion = 1;
	classes = {
	};
	objectVersion = 50;
	objects = {

/* Begin PBXBuildFile section */
		C450695825727C6F00122948 /* Extensions.swift in Sources */ = {isa = PBXBuildFile; fileRef = C450695725727C6F00122948 /* Extensions.swift */; };
		C450695B2573925700122948 /* MessageRow.swift in Sources */ = {isa = PBXBuildFile; fileRef = C450695A2573925700122948 /* MessageRow.swift */; };
		C450696825782D8D00122948 /* CustomTextField.swift in Sources */ = {isa = PBXBuildFile; fileRef = C450696725782D8D00122948 /* CustomTextField.swift */; };
		C450696B25782DC100122948 /* CustomInputView.swift in Sources */ = {isa = PBXBuildFile; fileRef = C450696A25782DC100122948 /* CustomInputView.swift */; };
		C465B5A125719F7200BD5CFA /* AppDelegate.swift in Sources */ = {isa = PBXBuildFile; fileRef = C465B5A025719F7200BD5CFA /* AppDelegate.swift */; };
		C465B5A525719F7200BD5CFA /* ChatViewController.swift in Sources */ = {isa = PBXBuildFile; fileRef = C465B5A425719F7200BD5CFA /* ChatViewController.swift */; };
		C465B5AA25719F7500BD5CFA /* Assets.xcassets in Resources */ = {isa = PBXBuildFile; fileRef = C465B5A925719F7500BD5CFA /* Assets.xcassets */; };
		C465B5AD25719F7500BD5CFA /* LaunchScreen.storyboard in Resources */ = {isa = PBXBuildFile; fileRef = C465B5AB25719F7500BD5CFA /* LaunchScreen.storyboard */; };
		C49A69672572432800090308 /* ChatViewCell.swift in Sources */ = {isa = PBXBuildFile; fileRef = C49A69662572432800090308 /* ChatViewCell.swift */; };
/* End PBXBuildFile section */

/* Begin PBXFileReference section */
		C450695725727C6F00122948 /* Extensions.swift */ = {isa = PBXFileReference; lastKnownFileType = sourcecode.swift; path = Extensions.swift; sourceTree = "<group>"; };
		C450695A2573925700122948 /* MessageRow.swift */ = {isa = PBXFileReference; lastKnownFileType = sourcecode.swift; path = MessageRow.swift; sourceTree = "<group>"; };
		C450696725782D8D00122948 /* CustomTextField.swift */ = {isa = PBXFileReference; lastKnownFileType = sourcecode.swift; path = CustomTextField.swift; sourceTree = "<group>"; };
		C450696A25782DC100122948 /* CustomInputView.swift */ = {isa = PBXFileReference; lastKnownFileType = sourcecode.swift; path = CustomInputView.swift; sourceTree = "<group>"; };
		C465B59D25719F7200BD5CFA /* ChatScreen.app */ = {isa = PBXFileReference; explicitFileType = wrapper.application; includeInIndex = 0; path = ChatScreen.app; sourceTree = BUILT_PRODUCTS_DIR; };
		C465B5A025719F7200BD5CFA /* AppDelegate.swift */ = {isa = PBXFileReference; lastKnownFileType = sourcecode.swift; path = AppDelegate.swift; sourceTree = "<group>"; };
		C465B5A425719F7200BD5CFA /* ChatViewController.swift */ = {isa = PBXFileReference; lastKnownFileType = sourcecode.swift; path = ChatViewController.swift; sourceTree = "<group>"; };
		C465B5A925719F7500BD5CFA /* Assets.xcassets */ = {isa = PBXFileReference; lastKnownFileType = folder.assetcatalog; path = Assets.xcassets; sourceTree = "<group>"; };
		C465B5AC25719F7500BD5CFA /* Base */ = {isa = PBXFileReference; lastKnownFileType = file.storyboard; name = Base; path = Base.lproj/LaunchScreen.storyboard; sourceTree = "<group>"; };
		C465B5AE25719F7500BD5CFA /* Info.plist */ = {isa = PBXFileReference; lastKnownFileType = text.plist.xml; path = Info.plist; sourceTree = "<group>"; };
		C49A69662572432800090308 /* ChatViewCell.swift */ = {isa = PBXFileReference; lastKnownFileType = sourcecode.swift; path = ChatViewCell.swift; sourceTree = "<group>"; };
/* End PBXFileReference section */

/* Begin PBXFrameworksBuildPhase section */
		C465B59A25719F7200BD5CFA /* Frameworks */ = {
			isa = PBXFrameworksBuildPhase;
			buildActionMask = 2147483647;
			files = (
			);
			runOnlyForDeploymentPostprocessing = 0;
		};
/* End PBXFrameworksBuildPhase section */

/* Begin PBXGroup section */
		C465B59425719F7200BD5CFA = {
			isa = PBXGroup;
			children = (
				C465B59F25719F7200BD5CFA /* ChatScreen */,
				C465B59E25719F7200BD5CFA /* Products */,
			);
			sourceTree = "<group>";
		};
		C465B59E25719F7200BD5CFA /* Products */ = {
			isa = PBXGroup;
			children = (
				C465B59D25719F7200BD5CFA /* ChatScreen.app */,
			);
			name = Products;
			sourceTree = "<group>";
		};
		C465B59F25719F7200BD5CFA /* ChatScreen */ = {
			isa = PBXGroup;
			children = (
				C465B5A025719F7200BD5CFA /* AppDelegate.swift */,
				C465B5A425719F7200BD5CFA /* ChatViewController.swift */,
				C465B5A925719F7500BD5CFA /* Assets.xcassets */,
				C465B5AB25719F7500BD5CFA /* LaunchScreen.storyboard */,
				C465B5AE25719F7500BD5CFA /* Info.plist */,
				C49A69662572432800090308 /* ChatViewCell.swift */,
				C450695725727C6F00122948 /* Extensions.swift */,
				C450695A2573925700122948 /* MessageRow.swift */,
				C450696725782D8D00122948 /* CustomTextField.swift */,
				C450696A25782DC100122948 /* CustomInputView.swift */,
			);
			path = ChatScreen;
			sourceTree = "<group>";
		};
/* End PBXGroup section */

/* Begin PBXNativeTarget section */
		C465B59C25719F7200BD5CFA /* ChatScreen */ = {
			isa = PBXNativeTarget;
			buildConfigurationList = C465B5B125719F7500BD5CFA /* Build configuration list for PBXNativeTarget "ChatScreen" */;
			buildPhases = (
				C465B59925719F7200BD5CFA /* Sources */,
				C465B59A25719F7200BD5CFA /* Frameworks */,
				C465B59B25719F7200BD5CFA /* Resources */,
			);
			buildRules = (
			);
			dependencies = (
			);
			name = ChatScreen;
			productName = ChatScreen;
			productReference = C465B59D25719F7200BD5CFA /* ChatScreen.app */;
			productType = "com.apple.product-type.application";
		};
/* End PBXNativeTarget section */

/* Begin PBXProject section */
		C465B59525719F7200BD5CFA /* Project object */ = {
			isa = PBXProject;
			attributes = {
				LastSwiftUpdateCheck = 1220;
				LastUpgradeCheck = 1220;
				TargetAttributes = {
					C465B59C25719F7200BD5CFA = {
						CreatedOnToolsVersion = 12.2;
					};
				};
			};
			buildConfigurationList = C465B59825719F7200BD5CFA /* Build configuration list for PBXProject "ChatScreen" */;
			compatibilityVersion = "Xcode 9.3";
			developmentRegion = en;
			hasScannedForEncodings = 0;
			knownRegions = (
				en,
				Base,
			);
			mainGroup = C465B59425719F7200BD5CFA;
			productRefGroup = C465B59E25719F7200BD5CFA /* Products */;
			projectDirPath = "";
			projectRoot = "";
			targets = (
				C465B59C25719F7200BD5CFA /* ChatScreen */,
			);
		};
/* End PBXProject section */

/* Begin PBXResourcesBuildPhase section */
		C465B59B25719F7200BD5CFA /* Resources */ = {
			isa = PBXResourcesBuildPhase;
			buildActionMask = 2147483647;
			files = (
				C465B5AD25719F7500BD5CFA /* LaunchScreen.storyboard in Resources */,
				C465B5AA25719F7500BD5CFA /* Assets.xcassets in Resources */,
			);
			runOnlyForDeploymentPostprocessing = 0;
		};
/* End PBXResourcesBuildPhase section */

/* Begin PBXSourcesBuildPhase section */
		C465B59925719F7200BD5CFA /* Sources */ = {
			isa = PBXSourcesBuildPhase;
			buildActionMask = 2147483647;
			files = (
				C465B5A525719F7200BD5CFA /* ChatViewController.swift in Sources */,
				C49A69672572432800090308 /* ChatViewCell.swift in Sources */,
				C450696825782D8D00122948 /* CustomTextField.swift in Sources */,
				C465B5A125719F7200BD5CFA /* AppDelegate.swift in Sources */,
				C450695825727C6F00122948 /* Extensions.swift in Sources */,
				C450695B2573925700122948 /* MessageRow.swift in Sources */,
				C450696B25782DC100122948 /* CustomInputView.swift in Sources */,
			);
			runOnlyForDeploymentPostprocessing = 0;
		};
/* End PBXSourcesBuildPhase section */

/* Begin PBXVariantGroup section */
		C465B5AB25719F7500BD5CFA /* LaunchScreen.storyboard */ = {
			isa = PBXVariantGroup;
			children = (
				C465B5AC25719F7500BD5CFA /* Base */,
			);
			name = LaunchScreen.storyboard;
			sourceTree = "<group>";
		};
/* End PBXVariantGroup section */

/* Begin XCBuildConfiguration section */
		C465B5AF25719F7500BD5CFA /* Debug */ = {
			isa = XCBuildConfiguration;
			buildSettings = {
				ALWAYS_SEARCH_USER_PATHS = NO;
				CLANG_ANALYZER_NONNULL = YES;
				CLANG_ANALYZER_NUMBER_OBJECT_CONVERSION = YES_AGGRESSIVE;
				CLANG_CXX_LANGUAGE_STANDARD = "gnu++14";
				CLANG_CXX_LIBRARY = "libc++";
				CLANG_ENABLE_MODULES = YES;
				CLANG_ENABLE_OBJC_ARC = YES;
				CLANG_ENABLE_OBJC_WEAK = YES;
				CLANG_WARN_BLOCK_CAPTURE_AUTORELEASING = YES;
				CLANG_WARN_BOOL_CONVERSION = YES;
				CLANG_WARN_COMMA = YES;
				CLANG_WARN_CONSTANT_CONVERSION = YES;
				CLANG_WARN_DEPRECATED_OBJC_IMPLEMENTATIONS = YES;
				CLANG_WARN_DIRECT_OBJC_ISA_USAGE = YES_ERROR;
				CLANG_WARN_DOCUMENTATION_COMMENTS = YES;
				CLANG_WARN_EMPTY_BODY = YES;
				CLANG_WARN_ENUM_CONVERSION = YES;
				CLANG_WARN_INFINITE_RECURSION = YES;
				CLANG_WARN_INT_CONVERSION = YES;
				CLANG_WARN_NON_LITERAL_NULL_CONVERSION = YES;
				CLANG_WARN_OBJC_IMPLICIT_RETAIN_SELF = YES;
				CLANG_WARN_OBJC_LITERAL_CONVERSION = YES;
				CLANG_WARN_OBJC_ROOT_CLASS = YES_ERROR;
				CLANG_WARN_QUOTED_INCLUDE_IN_FRAMEWORK_HEADER = YES;
				CLANG_WARN_RANGE_LOOP_ANALYSIS = YES;
				CLANG_WARN_STRICT_PROTOTYPES = YES;
				CLANG_WARN_SUSPICIOUS_MOVE = YES;
				CLANG_WARN_UNGUARDED_AVAILABILITY = YES_AGGRESSIVE;
				CLANG_WARN_UNREACHABLE_CODE = YES;
				CLANG_WARN__DUPLICATE_METHOD_MATCH = YES;
				COPY_PHASE_STRIP = NO;
				DEBUG_INFORMATION_FORMAT = dwarf;
				ENABLE_STRICT_OBJC_MSGSEND = YES;
				ENABLE_TESTABILITY = YES;
				GCC_C_LANGUAGE_STANDARD = gnu11;
				GCC_DYNAMIC_NO_PIC = NO;
				GCC_NO_COMMON_BLOCKS = YES;
				GCC_OPTIMIZATION_LEVEL = 0;
				GCC_PREPROCESSOR_DEFINITIONS = (
					"DEBUG=1",
					"$(inherited)",
				);
				GCC_WARN_64_TO_32_BIT_CONVERSION = YES;
				GCC_WARN_ABOUT_RETURN_TYPE = YES_ERROR;
				GCC_WARN_UNDECLARED_SELECTOR = YES;
				GCC_WARN_UNINITIALIZED_AUTOS = YES_AGGRESSIVE;
				GCC_WARN_UNUSED_FUNCTION = YES;
				GCC_WARN_UNUSED_VARIABLE = YES;
				IPHONEOS_DEPLOYMENT_TARGET = 14.2;
				MTL_ENABLE_DEBUG_INFO = INCLUDE_SOURCE;
				MTL_FAST_MATH = YES;
				ONLY_ACTIVE_ARCH = YES;
				SDKROOT = iphoneos;
				SWIFT_ACTIVE_COMPILATION_CONDITIONS = DEBUG;
				SWIFT_OPTIMIZATION_LEVEL = "-Onone";
			};
			name = Debug;
		};
		C465B5B025719F7500BD5CFA /* Release */ = {
			isa = XCBuildConfiguration;
			buildSettings = {
				ALWAYS_SEARCH_USER_PATHS = NO;
				CLANG_ANALYZER_NONNULL = YES;
				CLANG_ANALYZER_NUMBER_OBJECT_CONVERSION = YES_AGGRESSIVE;
				CLANG_CXX_LANGUAGE_STANDARD = "gnu++14";
				CLANG_CXX_LIBRARY = "libc++";
				CLANG_ENABLE_MODULES = YES;
				CLANG_ENABLE_OBJC_ARC = YES;
				CLANG_ENABLE_OBJC_WEAK = YES;
				CLANG_WARN_BLOCK_CAPTURE_AUTORELEASING = YES;
				CLANG_WARN_BOOL_CONVERSION = YES;
				CLANG_WARN_COMMA = YES;
				CLANG_WARN_CONSTANT_CONVERSION = YES;
				CLANG_WARN_DEPRECATED_OBJC_IMPLEMENTATIONS = YES;
				CLANG_WARN_DIRECT_OBJC_ISA_USAGE = YES_ERROR;
				CLANG_WARN_DOCUMENTATION_COMMENTS = YES;
				CLANG_WARN_EMPTY_BODY = YES;
				CLANG_WARN_ENUM_CONVERSION = YES;
				CLANG_WARN_INFINITE_RECURSION = YES;
				CLANG_WARN_INT_CONVERSION = YES;
				CLANG_WARN_NON_LITERAL_NULL_CONVERSION = YES;
				CLANG_WARN_OBJC_IMPLICIT_RETAIN_SELF = YES;
				CLANG_WARN_OBJC_LITERAL_CONVERSION = YES;
				CLANG_WARN_OBJC_ROOT_CLASS = YES_ERROR;
				CLANG_WARN_QUOTED_INCLUDE_IN_FRAMEWORK_HEADER = YES;
				CLANG_WARN_RANGE_LOOP_ANALYSIS = YES;
				CLANG_WARN_STRICT_PROTOTYPES = YES;
				CLANG_WARN_SUSPICIOUS_MOVE = YES;
				CLANG_WARN_UNGUARDED_AVAILABILITY = YES_AGGRESSIVE;
				CLANG_WARN_UNREACHABLE_CODE = YES;
				CLANG_WARN__DUPLICATE_METHOD_MATCH = YES;
				COPY_PHASE_STRIP = NO;
				DEBUG_INFORMATION_FORMAT = "dwarf-with-dsym";
				ENABLE_NS_ASSERTIONS = NO;
				ENABLE_STRICT_OBJC_MSGSEND = YES;
				GCC_C_LANGUAGE_STANDARD = gnu11;
				GCC_NO_COMMON_BLOCKS = YES;
				GCC_WARN_64_TO_32_BIT_CONVERSION = YES;
				GCC_WARN_ABOUT_RETURN_TYPE = YES_ERROR;
				GCC_WARN_UNDECLARED_SELECTOR = YES;
				GCC_WARN_UNINITIALIZED_AUTOS = YES_AGGRESSIVE;
				GCC_WARN_UNUSED_FUNCTION = YES;
				GCC_WARN_UNUSED_VARIABLE = YES;
				IPHONEOS_DEPLOYMENT_TARGET = 14.2;
				MTL_ENABLE_DEBUG_INFO = NO;
				MTL_FAST_MATH = YES;
				SDKROOT = iphoneos;
				SWIFT_COMPILATION_MODE = wholemodule;
				SWIFT_OPTIMIZATION_LEVEL = "-O";
				VALIDATE_PRODUCT = YES;
			};
			name = Release;
		};
		C465B5B225719F7500BD5CFA /* Debug */ = {
			isa = XCBuildConfiguration;
			buildSettings = {
				ASSETCATALOG_COMPILER_APPICON_NAME = AppIcon;
				ASSETCATALOG_COMPILER_GLOBAL_ACCENT_COLOR_NAME = AccentColor;
				CODE_SIGN_STYLE = Automatic;
				DEVELOPMENT_TEAM = BBH9KT4Q68;
				INFOPLIST_FILE = ChatScreen/Info.plist;
				LD_RUNPATH_SEARCH_PATHS = (
					"$(inherited)",
					"@executable_path/Frameworks",
				);
				PRODUCT_BUNDLE_IDENTIFIER = com.ChatScreen;
				PRODUCT_NAME = "$(TARGET_NAME)";
				SWIFT_VERSION = 5.0;
				TARGETED_DEVICE_FAMILY = 1;
			};
			name = Debug;
		};
		C465B5B325719F7500BD5CFA /* Release */ = {
			isa = XCBuildConfiguration;
			buildSettings = {
				ASSETCATALOG_COMPILER_APPICON_NAME = AppIcon;
				ASSETCATALOG_COMPILER_GLOBAL_ACCENT_COLOR_NAME = AccentColor;
				CODE_SIGN_STYLE = Automatic;
				DEVELOPMENT_TEAM = BBH9KT4Q68;
				INFOPLIST_FILE = ChatScreen/Info.plist;
				LD_RUNPATH_SEARCH_PATHS = (
					"$(inherited)",
					"@executable_path/Frameworks",
				);
				PRODUCT_BUNDLE_IDENTIFIER = com.ChatScreen;
				PRODUCT_NAME = "$(TARGET_NAME)";
				SWIFT_VERSION = 5.0;
				TARGETED_DEVICE_FAMILY = 1;
			};
			name = Release;
		};
/* End XCBuildConfiguration section */

/* Begin XCConfigurationList section */
		C465B59825719F7200BD5CFA /* Build configuration list for PBXProject "ChatScreen" */ = {
			isa = XCConfigurationList;
			buildConfigurations = (
				C465B5AF25719F7500BD5CFA /* Debug */,
				C465B5B025719F7500BD5CFA /* Release */,
			);
			defaultConfigurationIsVisible = 0;
			defaultConfigurationName = Release;
		};
		C465B5B125719F7500BD5CFA /* Build configuration list for PBXNativeTarget "ChatScreen" */ = {
			isa = XCConfigurationList;
			buildConfigurations = (
				C465B5B225719F7500BD5CFA /* Debug */,
				C465B5B325719F7500BD5CFA /* Release */,
			);
			defaultConfigurationIsVisible = 0;
			defaultConfigurationName = Release;
		};
/* End XCConfigurationList section */
	};
	rootObject = C465B59525719F7200BD5CFA /* Project object */;
}
